
Microsoft Visual Studio Solution File, Format Version 12.00
# Visual Studio Version 17
VisualStudioVersion = 17.2.32526.322
MinimumVisualStudioVersion = 10.0.40219.1
Project("{9A19103F-16F7-4668-BE54-9A1E7A4F7556}") = "Adapter_Pattern", "Adapter_Pattern\Adapter_Pattern.csproj", "{5F4B2E94-CEBB-4CA1-9DD3-40FBAA424756}"
EndProject
Project("{FAE04EC0-301F-11D3-BF4B-00C04F79EFBC}") = "Adapter_PatternTests", "Adapter_PatternTests\Adapter_PatternTests.csproj", "{FD11AC41-6C8A-4D2F-9712-5D09BFE7E0F6}"
EndProject
Global
	GlobalSection(SolutionConfigurationPlatforms) = preSolution
		Debug|Any CPU = Debug|Any CPU
		Release|Any CPU = Release|Any CPU
	EndGlobalSection
	GlobalSection(ProjectConfigurationPlatforms) = postSolution
		{5F4B2E94-CEBB-4CA1-9DD3-40FBAA424756}.Debug|Any CPU.ActiveCfg = Debug|Any CPU
		{5F4B2E94-CEBB-4CA1-9DD3-40FBAA424756}.Debug|Any CPU.Build.0 = Debug|Any CPU
		{5F4B2E94-CEBB-4CA1-9DD3-40FBAA424756}.Release|Any CPU.ActiveCfg = Release|Any CPU
		{5F4B2E94-CEBB-4CA1-9DD3-40FBAA424756}.Release|Any CPU.Build.0 = Release|Any CPU
		{FD11AC41-6C8A-4D2F-9712-5D09BFE7E0F6}.Debug|Any CPU.ActiveCfg = Debug|Any CPU
		{FD11AC41-6C8A-4D2F-9712-5D09BFE7E0F6}.Debug|Any CPU.Build.0 = Debug|Any CPU
		{FD11AC41-6C8A-4D2F-9712-5D09BFE7E0F6}.Release|Any CPU.ActiveCfg = Release|Any CPU
		{FD11AC41-6C8A-4D2F-9712-5D09BFE7E0F6}.Release|Any CPU.Build.0 = Release|Any CPU
	EndGlobalSection
	GlobalSection(SolutionProperties) = preSolution
		HideSolutionNode = FALSE
	EndGlobalSection
	GlobalSection(ExtensibilityGlobals) = postSolution
		SolutionGuid = {2D738398-3A24-483B-8806-B3E73F0C24F9}
	EndGlobalSection
EndGlobal
